
Microsoft Visual Studio Solution File, Format Version 12.00
# Visual Studio Version 17
VisualStudioVersion = 17.1.32319.34
MinimumVisualStudioVersion = 10.0.40219.1
Project("{FAE04EC0-301F-11D3-BF4B-00C04F79EFBC}") = "DigiTrade.Invoicing", "DigiTrade.Invoicing\DigiTrade.Invoicing.csproj", "{6CD2A957-E2FE-4D70-A329-4C1599A49526}"
EndProject
Global
	GlobalSection(SolutionConfigurationPlatforms) = preSolution
		Debug|Any CPU = Debug|Any CPU
		Release|Any CPU = Release|Any CPU
	EndGlobalSection
	GlobalSection(ProjectConfigurationPlatforms) = postSolution
		{6CD2A957-E2FE-4D70-A329-4C1599A49526}.Debug|Any CPU.ActiveCfg = Debug|Any CPU
		{6CD2A957-E2FE-4D70-A329-4C1599A49526}.Debug|Any CPU.Build.0 = Debug|Any CPU
		{6CD2A957-E2FE-4D70-A329-4C1599A49526}.Release|Any CPU.ActiveCfg = Release|Any CPU
		{6CD2A957-E2FE-4D70-A329-4C1599A49526}.Release|Any CPU.Build.0 = Release|Any CPU
	EndGlobalSection
	GlobalSection(SolutionProperties) = preSolution
		HideSolutionNode = FALSE
	EndGlobalSection
	GlobalSection(ExtensibilityGlobals) = postSolution
		SolutionGuid = {1EC14CC6-0E1E-4DD7-BB60-495FB3F6A7D4}
	EndGlobalSection
EndGlobal
