
Microsoft Visual Studio Solution File, Format Version 12.00
# Visual Studio Version 17
VisualStudioVersion = 17.1.32407.343
MinimumVisualStudioVersion = 10.0.40219.1
Project("{FAE04EC0-301F-11D3-BF4B-00C04F79EFBC}") = "Digitrade.Demo", "Digitrade.Demo\Digitrade.Demo.csproj", "{E03A16AD-EDC0-4E8D-AE8D-2339C05BA906}"
EndProject
Global
	GlobalSection(SolutionConfigurationPlatforms) = preSolution
		Debug|Any CPU = Debug|Any CPU
		Release|Any CPU = Release|Any CPU
	EndGlobalSection
	GlobalSection(ProjectConfigurationPlatforms) = postSolution
		{E03A16AD-EDC0-4E8D-AE8D-2339C05BA906}.Debug|Any CPU.ActiveCfg = Debug|Any CPU
		{E03A16AD-EDC0-4E8D-AE8D-2339C05BA906}.Debug|Any CPU.Build.0 = Debug|Any CPU
		{E03A16AD-EDC0-4E8D-AE8D-2339C05BA906}.Release|Any CPU.ActiveCfg = Release|Any CPU
		{E03A16AD-EDC0-4E8D-AE8D-2339C05BA906}.Release|Any CPU.Build.0 = Release|Any CPU
	EndGlobalSection
	GlobalSection(SolutionProperties) = preSolution
		HideSolutionNode = FALSE
	EndGlobalSection
	GlobalSection(ExtensibilityGlobals) = postSolution
		SolutionGuid = {94C2F617-13EE-445A-A7DD-B7AE7858F419}
	EndGlobalSection
EndGlobal
