
Microsoft Visual Studio Solution File, Format Version 12.00
# Visual Studio Version 17
VisualStudioVersion = 17.1.32407.343
MinimumVisualStudioVersion = 10.0.40219.1
Project("{FAE04EC0-301F-11D3-BF4B-00C04F79EFBC}") = "DigiTradeMVC.NET", "DigiTradeMVC.NET\DigiTradeMVC.NET.csproj", "{0ABF1D07-CFF0-4C18-ACD5-44E4B987F784}"
EndProject
Global
	GlobalSection(SolutionConfigurationPlatforms) = preSolution
		Debug|Any CPU = Debug|Any CPU
		Release|Any CPU = Release|Any CPU
	EndGlobalSection
	GlobalSection(ProjectConfigurationPlatforms) = postSolution
		{0ABF1D07-CFF0-4C18-ACD5-44E4B987F784}.Debug|Any CPU.ActiveCfg = Debug|Any CPU
		{0ABF1D07-CFF0-4C18-ACD5-44E4B987F784}.Debug|Any CPU.Build.0 = Debug|Any CPU
		{0ABF1D07-CFF0-4C18-ACD5-44E4B987F784}.Release|Any CPU.ActiveCfg = Release|Any CPU
		{0ABF1D07-CFF0-4C18-ACD5-44E4B987F784}.Release|Any CPU.Build.0 = Release|Any CPU
	EndGlobalSection
	GlobalSection(SolutionProperties) = preSolution
		HideSolutionNode = FALSE
	EndGlobalSection
	GlobalSection(ExtensibilityGlobals) = postSolution
		SolutionGuid = {891D52FE-09DB-49D1-A4B1-EDA3A81A5224}
	EndGlobalSection
EndGlobal
