
Microsoft Visual Studio Solution File, Format Version 12.00
# Visual Studio Version 17
VisualStudioVersion = 17.1.32228.430
MinimumVisualStudioVersion = 10.0.40219.1
Project("{FAE04EC0-301F-11D3-BF4B-00C04F79EFBC}") = "Design 1", "Design 1\Design 1.csproj", "{4AC23FD9-3980-45D0-97DB-5DA2FE4E87BE}"
EndProject
Project("{FAE04EC0-301F-11D3-BF4B-00C04F79EFBC}") = "Design 2", "Design 2\Design 2.csproj", "{B2125590-3F6C-4D75-9B98-8B9FC8B4519E}"
EndProject
Project("{FAE04EC0-301F-11D3-BF4B-00C04F79EFBC}") = "utility", "utility\utility.csproj", "{5ECE4B68-0702-4AC8-B4E8-C7227592475C}"
EndProject
Global
	GlobalSection(SolutionConfigurationPlatforms) = preSolution
		Debug|Any CPU = Debug|Any CPU
		Release|Any CPU = Release|Any CPU
	EndGlobalSection
	GlobalSection(ProjectConfigurationPlatforms) = postSolution
		{4AC23FD9-3980-45D0-97DB-5DA2FE4E87BE}.Debug|Any CPU.ActiveCfg = Debug|Any CPU
		{4AC23FD9-3980-45D0-97DB-5DA2FE4E87BE}.Debug|Any CPU.Build.0 = Debug|Any CPU
		{4AC23FD9-3980-45D0-97DB-5DA2FE4E87BE}.Release|Any CPU.ActiveCfg = Release|Any CPU
		{4AC23FD9-3980-45D0-97DB-5DA2FE4E87BE}.Release|Any CPU.Build.0 = Release|Any CPU
		{B2125590-3F6C-4D75-9B98-8B9FC8B4519E}.Debug|Any CPU.ActiveCfg = Debug|Any CPU
		{B2125590-3F6C-4D75-9B98-8B9FC8B4519E}.Debug|Any CPU.Build.0 = Debug|Any CPU
		{B2125590-3F6C-4D75-9B98-8B9FC8B4519E}.Release|Any CPU.ActiveCfg = Release|Any CPU
		{B2125590-3F6C-4D75-9B98-8B9FC8B4519E}.Release|Any CPU.Build.0 = Release|Any CPU
		{5ECE4B68-0702-4AC8-B4E8-C7227592475C}.Debug|Any CPU.ActiveCfg = Debug|Any CPU
		{5ECE4B68-0702-4AC8-B4E8-C7227592475C}.Debug|Any CPU.Build.0 = Debug|Any CPU
		{5ECE4B68-0702-4AC8-B4E8-C7227592475C}.Release|Any CPU.ActiveCfg = Release|Any CPU
		{5ECE4B68-0702-4AC8-B4E8-C7227592475C}.Release|Any CPU.Build.0 = Release|Any CPU
	EndGlobalSection
	GlobalSection(SolutionProperties) = preSolution
		HideSolutionNode = FALSE
	EndGlobalSection
	GlobalSection(ExtensibilityGlobals) = postSolution
		SolutionGuid = {94315E67-B876-40BF-A3A0-DABB3E855C50}
	EndGlobalSection
EndGlobal
