
Microsoft Visual Studio Solution File, Format Version 12.00
# Visual Studio Version 17
VisualStudioVersion = 17.1.32228.430
MinimumVisualStudioVersion = 10.0.40219.1
Project("{FAE04EC0-301F-11D3-BF4B-00C04F79EFBC}") = "DigitalTradersAPIcall", "DigitalTradersAPIcall\DigitalTradersAPIcall.csproj", "{525209ED-6097-41C6-81B7-EDBE27E8E82D}"
EndProject
Global
	GlobalSection(SolutionConfigurationPlatforms) = preSolution
		Debug|Any CPU = Debug|Any CPU
		Release|Any CPU = Release|Any CPU
	EndGlobalSection
	GlobalSection(ProjectConfigurationPlatforms) = postSolution
		{525209ED-6097-41C6-81B7-EDBE27E8E82D}.Debug|Any CPU.ActiveCfg = Debug|Any CPU
		{525209ED-6097-41C6-81B7-EDBE27E8E82D}.Debug|Any CPU.Build.0 = Debug|Any CPU
		{525209ED-6097-41C6-81B7-EDBE27E8E82D}.Release|Any CPU.ActiveCfg = Release|Any CPU
		{525209ED-6097-41C6-81B7-EDBE27E8E82D}.Release|Any CPU.Build.0 = Release|Any CPU
	EndGlobalSection
	GlobalSection(SolutionProperties) = preSolution
		HideSolutionNode = FALSE
	EndGlobalSection
	GlobalSection(ExtensibilityGlobals) = postSolution
		SolutionGuid = {8B842673-C8AB-4947-B1C5-8FC1D54B731A}
	EndGlobalSection
EndGlobal
